// !$*UTF8*$!
{
	archiveVersion = 1;
	classes = {
	};
	objectVersion = 46;
	objects = {

/* Begin PBXBuildFile section */
		1868345C1C63487D00CC1C79 /* main.m in Sources */ = {isa = PBXBuildFile; fileRef = 1868345B1C63487D00CC1C79 /* main.m */; };
		1868345F1C63487D00CC1C79 /* AppDelegate.m in Sources */ = {isa = PBXBuildFile; fileRef = 1868345E1C63487D00CC1C79 /* AppDelegate.m */; };
		186834621C63487D00CC1C79 /* ViewController.m in Sources */ = {isa = PBXBuildFile; fileRef = 186834611C63487D00CC1C79 /* ViewController.m */; };
		186834651C63487D00CC1C79 /* Main.storyboard in Resources */ = {isa = PBXBuildFile; fileRef = 186834631C63487D00CC1C79 /* Main.storyboard */; };
		186834671C63487D00CC1C79 /* Assets.xcassets in Resources */ = {isa = PBXBuildFile; fileRef = 186834661C63487D00CC1C79 /* Assets.xcassets */; };
		1868346A1C63487D00CC1C79 /* LaunchScreen.storyboard in Resources */ = {isa = PBXBuildFile; fileRef = 186834681C63487D00CC1C79 /* LaunchScreen.storyboard */; };
		186834731C6348A100CC1C79 /* MyLayout.m in Sources */ = {isa = PBXBuildFile; fileRef = 186834721C6348A100CC1C79 /* MyLayout.m */; };
/* End PBXBuildFile section */

/* Begin PBXFileReference section */
		186834571C63487D00CC1C79 /* UICollectionViewTestTwo.app */ = {isa = PBXFileReference; explicitFileType = wrapper.application; includeInIndex = 0; path = UICollectionViewTestTwo.app; sourceTree = BUILT_PRODUCTS_DIR; };
		1868345B1C63487D00CC1C79 /* main.m */ = {isa = PBXFileReference; lastKnownFileType = sourcecode.c.objc; path = main.m; sourceTree = "<group>"; };
		1868345D1C63487D00CC1C79 /* AppDelegate.h */ = {isa = PBXFileReference; lastKnownFileType = sourcecode.c.h; path = AppDelegate.h; sourceTree = "<group>"; };
		1868345E1C63487D00CC1C79 /* AppDelegate.m */ = {isa = PBXFileReference; lastKnownFileType = sourcecode.c.objc; path = AppDelegate.m; sourceTree = "<group>"; };
		186834601C63487D00CC1C79 /* ViewController.h */ = {isa = PBXFileReference; lastKnownFileType = sourcecode.c.h; path = ViewController.h; sourceTree = "<group>"; };
		186834611C63487D00CC1C79 /* ViewController.m */ = {isa = PBXFileReference; lastKnownFileType = sourcecode.c.objc; path = ViewController.m; sourceTree = "<group>"; };
		186834641C63487D00CC1C79 /* Base */ = {isa = PBXFileReference; lastKnownFileType = file.storyboard; name = Base; path = Base.lproj/Main.storyboard; sourceTree = "<group>"; };
		186834661C63487D00CC1C79 /* Assets.xcassets */ = {isa = PBXFileReference; lastKnownFileType = folder.assetcatalog; path = Assets.xcassets; sourceTree = "<group>"; };
		186834691C63487D00CC1C79 /* Base */ = {isa = PBXFileReference; lastKnownFileType = file.storyboard; name = Base; path = Base.lproj/LaunchScreen.storyboard; sourceTree = "<group>"; };
		1868346B1C63487D00CC1C79 /* Info.plist */ = {isa = PBXFileReference; lastKnownFileType = text.plist.xml; path = Info.plist; sourceTree = "<group>"; };
		186834711C6348A100CC1C79 /* MyLayout.h */ = {isa = PBXFileReference; fileEncoding = 4; lastKnownFileType = sourcecode.c.h; path = MyLayout.h; sourceTree = "<group>"; };
		186834721C6348A100CC1C79 /* MyLayout.m */ = {isa = PBXFileReference; fileEncoding = 4; lastKnownFileType = sourcecode.c.objc; path = MyLayout.m; sourceTree = "<group>"; };
/* End PBXFileReference section */

/* Begin PBXFrameworksBuildPhase section */
		186834541C63487D00CC1C79 /* Frameworks */ = {
			isa = PBXFrameworksBuildPhase;
			buildActionMask = 2147483647;
			files = (
			);
			runOnlyForDeploymentPostprocessing = 0;
		};
/* End PBXFrameworksBuildPhase section */

/* Begin PBXGroup section */
		1868344E1C63487D00CC1C79 = {
			isa = PBXGroup;
			children = (
				186834591C63487D00CC1C79 /* UICollectionViewTestTwo */,
				186834581C63487D00CC1C79 /* Products */,
			);
			sourceTree = "<group>";
		};
		186834581C63487D00CC1C79 /* Products */ = {
			isa = PBXGroup;
			children = (
				186834571C63487D00CC1C79 /* UICollectionViewTestTwo.app */,
			);
			name = Products;
			sourceTree = "<group>";
		};
		186834591C63487D00CC1C79 /* UICollectionViewTestTwo */ = {
			isa = PBXGroup;
			children = (
				1868345D1C63487D00CC1C79 /* AppDelegate.h */,
				1868345E1C63487D00CC1C79 /* AppDelegate.m */,
				186834601C63487D00CC1C79 /* ViewController.h */,
				186834611C63487D00CC1C79 /* ViewController.m */,
				186834711C6348A100CC1C79 /* MyLayout.h */,
				186834721C6348A100CC1C79 /* MyLayout.m */,
				186834631C63487D00CC1C79 /* Main.storyboard */,
				186834661C63487D00CC1C79 /* Assets.xcassets */,
				186834681C63487D00CC1C79 /* LaunchScreen.storyboard */,
				1868346B1C63487D00CC1C79 /* Info.plist */,
				1868345A1C63487D00CC1C79 /* Supporting Files */,
			);
			path = UICollectionViewTestTwo;
			sourceTree = "<group>";
		};
		1868345A1C63487D00CC1C79 /* Supporting Files */ = {
			isa = PBXGroup;
			children = (
				1868345B1C63487D00CC1C79 /* main.m */,
			);
			name = "Supporting Files";
			sourceTree = "<group>";
		};
/* End PBXGroup section */

/* Begin PBXNativeTarget section */
		186834561C63487D00CC1C79 /* UICollectionViewTestTwo */ = {
			isa = PBXNativeTarget;
			buildConfigurationList = 1868346E1C63487D00CC1C79 /* Build configuration list for PBXNativeTarget "UICollectionViewTestTwo" */;
			buildPhases = (
				186834531C63487D00CC1C79 /* Sources */,
				186834541C63487D00CC1C79 /* Frameworks */,
				186834551C63487D00CC1C79 /* Resources */,
			);
			buildRules = (
			);
			dependencies = (
			);
			name = UICollectionViewTestTwo;
			productName = UICollectionViewTestTwo;
			productReference = 186834571C63487D00CC1C79 /* UICollectionViewTestTwo.app */;
			productType = "com.apple.product-type.application";
		};
/* End PBXNativeTarget section */

/* Begin PBXProject section */
		1868344F1C63487D00CC1C79 /* Project object */ = {
			isa = PBXProject;
			attributes = {
				LastUpgradeCheck = 0710;
				ORGANIZATIONNAME = apple;
				TargetAttributes = {
					186834561C63487D00CC1C79 = {
						CreatedOnToolsVersion = 7.1;
					};
				};
			};
			buildConfigurationList = 186834521C63487D00CC1C79 /* Build configuration list for PBXProject "UICollectionViewTestTwo" */;
			compatibilityVersion = "Xcode 3.2";
			developmentRegion = English;
			hasScannedForEncodings = 0;
			knownRegions = (
				en,
				Base,
			);
			mainGroup = 1868344E1C63487D00CC1C79;
			productRefGroup = 186834581C63487D00CC1C79 /* Products */;
			projectDirPath = "";
			projectRoot = "";
			targets = (
				186834561C63487D00CC1C79 /* UICollectionViewTestTwo */,
			);
		};
/* End PBXProject section */

/* Begin PBXResourcesBuildPhase section */
		186834551C63487D00CC1C79 /* Resources */ = {
			isa = PBXResourcesBuildPhase;
			buildActionMask = 2147483647;
			files = (
				1868346A1C63487D00CC1C79 /* LaunchScreen.storyboard in Resources */,
				186834671C63487D00CC1C79 /* Assets.xcassets in Resources */,
				186834651C63487D00CC1C79 /* Main.storyboard in Resources */,
			);
			runOnlyForDeploymentPostprocessing = 0;
		};
/* End PBXResourcesBuildPhase section */

/* Begin PBXSourcesBuildPhase section */
		186834531C63487D00CC1C79 /* Sources */ = {
			isa = PBXSourcesBuildPhase;
			buildActionMask = 2147483647;
			files = (
				186834621C63487D00CC1C79 /* ViewController.m in Sources */,
				186834731C6348A100CC1C79 /* MyLayout.m in Sources */,
				1868345F1C63487D00CC1C79 /* AppDelegate.m in Sources */,
				1868345C1C63487D00CC1C79 /* main.m in Sources */,
			);
			runOnlyForDeploymentPostprocessing = 0;
		};
/* End PBXSourcesBuildPhase section */

/* Begin PBXVariantGroup section */
		186834631C63487D00CC1C79 /* Main.storyboard */ = {
			isa = PBXVariantGroup;
			children = (
				186834641C63487D00CC1C79 /* Base */,
			);
			name = Main.storyboard;
			sourceTree = "<group>";
		};
		186834681C63487D00CC1C79 /* LaunchScreen.storyboard */ = {
			isa = PBXVariantGroup;
			children = (
				186834691C63487D00CC1C79 /* Base */,
			);
			name = LaunchScreen.storyboard;
			sourceTree = "<group>";
		};
/* End PBXVariantGroup section */

/* Begin XCBuildConfiguration section */
		1868346C1C63487D00CC1C79 /* Debug */ = {
			isa = XCBuildConfiguration;
			buildSettings = {
				ALWAYS_SEARCH_USER_PATHS = NO;
				CLANG_CXX_LANGUAGE_STANDARD = "gnu++0x";
				CLANG_CXX_LIBRARY = "libc++";
				CLANG_ENABLE_MODULES = YES;
				CLANG_ENABLE_OBJC_ARC = YES;
				CLANG_WARN_BOOL_CONVERSION = YES;
				CLANG_WARN_CONSTANT_CONVERSION = YES;
				CLANG_WARN_DIRECT_OBJC_ISA_USAGE = YES_ERROR;
				CLANG_WARN_EMPTY_BODY = YES;
				CLANG_WARN_ENUM_CONVERSION = YES;
				CLANG_WARN_INT_CONVERSION = YES;
				CLANG_WARN_OBJC_ROOT_CLASS = YES_ERROR;
				CLANG_WARN_UNREACHABLE_CODE = YES;
				CLANG_WARN__DUPLICATE_METHOD_MATCH = YES;
				"CODE_SIGN_IDENTITY[sdk=iphoneos*]" = "iPhone Developer";
				COPY_PHASE_STRIP = NO;
				DEBUG_INFORMATION_FORMAT = dwarf;
				ENABLE_STRICT_OBJC_MSGSEND = YES;
				ENABLE_TESTABILITY = YES;
				GCC_C_LANGUAGE_STANDARD = gnu99;
				GCC_DYNAMIC_NO_PIC = NO;
				GCC_NO_COMMON_BLOCKS = YES;
				GCC_OPTIMIZATION_LEVEL = 0;
				GCC_PREPROCESSOR_DEFINITIONS = (
					"DEBUG=1",
					"$(inherited)",
				);
				GCC_WARN_64_TO_32_BIT_CONVERSION = YES;
				GCC_WARN_ABOUT_RETURN_TYPE = YES_ERROR;
				GCC_WARN_UNDECLARED_SELECTOR = YES;
				GCC_WARN_UNINITIALIZED_AUTOS = YES_AGGRESSIVE;
				GCC_WARN_UNUSED_FUNCTION = YES;
				GCC_WARN_UNUSED_VARIABLE = YES;
				IPHONEOS_DEPLOYMENT_TARGET = 9.1;
				MTL_ENABLE_DEBUG_INFO = YES;
				ONLY_ACTIVE_ARCH = YES;
				SDKROOT = iphoneos;
			};
			name = Debug;
		};
		1868346D1C63487D00CC1C79 /* Release */ = {
			isa = XCBuildConfiguration;
			buildSettings = {
				ALWAYS_SEARCH_USER_PATHS = NO;
				CLANG_CXX_LANGUAGE_STANDARD = "gnu++0x";
				CLANG_CXX_LIBRARY = "libc++";
				CLANG_ENABLE_MODULES = YES;
				CLANG_ENABLE_OBJC_ARC = YES;
				CLANG_WARN_BOOL_CONVERSION = YES;
				CLANG_WARN_CONSTANT_CONVERSION = YES;
				CLANG_WARN_DIRECT_OBJC_ISA_USAGE = YES_ERROR;
				CLANG_WARN_EMPTY_BODY = YES;
				CLANG_WARN_ENUM_CONVERSION = YES;
				CLANG_WARN_INT_CONVERSION = YES;
				CLANG_WARN_OBJC_ROOT_CLASS = YES_ERROR;
				CLANG_WARN_UNREACHABLE_CODE = YES;
				CLANG_WARN__DUPLICATE_METHOD_MATCH = YES;
				"CODE_SIGN_IDENTITY[sdk=iphoneos*]" = "iPhone Developer";
				COPY_PHASE_STRIP = NO;
				DEBUG_INFORMATION_FORMAT = "dwarf-with-dsym";
				ENABLE_NS_ASSERTIONS = NO;
				ENABLE_STRICT_OBJC_MSGSEND = YES;
				GCC_C_LANGUAGE_STANDARD = gnu99;
				GCC_NO_COMMON_BLOCKS = YES;
				GCC_WARN_64_TO_32_BIT_CONVERSION = YES;
				GCC_WARN_ABOUT_RETURN_TYPE = YES_ERROR;
				GCC_WARN_UNDECLARED_SELECTOR = YES;
				GCC_WARN_UNINITIALIZED_AUTOS = YES_AGGRESSIVE;
				GCC_WARN_UNUSED_FUNCTION = YES;
				GCC_WARN_UNUSED_VARIABLE = YES;
				IPHONEOS_DEPLOYMENT_TARGET = 9.1;
				MTL_ENABLE_DEBUG_INFO = NO;
				SDKROOT = iphoneos;
				VALIDATE_PRODUCT = YES;
			};
			name = Release;
		};
		1868346F1C63487D00CC1C79 /* Debug */ = {
			isa = XCBuildConfiguration;
			buildSettings = {
				ASSETCATALOG_COMPILER_APPICON_NAME = AppIcon;
				INFOPLIST_FILE = UICollectionViewTestTwo/Info.plist;
				LD_RUNPATH_SEARCH_PATHS = "$(inherited) @executable_path/Frameworks";
				PRODUCT_BUNDLE_IDENTIFIER = YH.UICollectionViewTestTwo;
				PRODUCT_NAME = "$(TARGET_NAME)";
			};
			name = Debug;
		};
		186834701C63487D00CC1C79 /* Release */ = {
			isa = XCBuildConfiguration;
			buildSettings = {
				ASSETCATALOG_COMPILER_APPICON_NAME = AppIcon;
				INFOPLIST_FILE = UICollectionViewTestTwo/Info.plist;
				LD_RUNPATH_SEARCH_PATHS = "$(inherited) @executable_path/Frameworks";
				PRODUCT_BUNDLE_IDENTIFIER = YH.UICollectionViewTestTwo;
				PRODUCT_NAME = "$(TARGET_NAME)";
			};
			name = Release;
		};
/* End XCBuildConfiguration section */

/* Begin XCConfigurationList section */
		186834521C63487D00CC1C79 /* Build configuration list for PBXProject "UICollectionViewTestTwo" */ = {
			isa = XCConfigurationList;
			buildConfigurations = (
				1868346C1C63487D00CC1C79 /* Debug */,
				1868346D1C63487D00CC1C79 /* Release */,
			);
			defaultConfigurationIsVisible = 0;
			defaultConfigurationName = Release;
		};
		1868346E1C63487D00CC1C79 /* Build configuration list for PBXNativeTarget "UICollectionViewTestTwo" */ = {
			isa = XCConfigurationList;
			buildConfigurations = (
				1868346F1C63487D00CC1C79 /* Debug */,
				186834701C63487D00CC1C79 /* Release */,
			);
			defaultConfigurationIsVisible = 0;
		};
/* End XCConfigurationList section */
	};
	rootObject = 1868344F1C63487D00CC1C79 /* Project object */;
}
